{
  "name": "credentio-local-checker",
  "version": "0.1.0",
  "lockfileVersion": 3,
  "requires": true,
  "packages": {
    "": {
      "name": "credentio-local-checker",
      "version": "0.1.0",
      "license": "MIT",
      "devDependencies": {
        "@bazel/bazelisk": "1.28.1"
      },
      "engines": {
        "node": ">=20"
      }
    },
    "node_modules/@bazel/bazelisk": {
      "version": "1.28.1",
      "resolved": "https://registry.npmjs.org/@bazel/bazelisk/-/bazelisk-1.28.1.tgz",
      "integrity": "sha512-K21x83NXOtd0yb2qzjMES3UV4xEWZ1q1vnXFhADA1u7IoiMVQkJAVQRK3oZ5txpnrGafY15HS+YYr2nmsEP4Tg==",
      "dev": true,
      "license": "Apache-2.0",
      "bin": {
        "bazel": "bazelisk.js",
        "bazelisk": "bazelisk.js"
      }
    }
  }
}
